github.com/google/go-cmp v0.3.1 h1:Xye71clBPdm5HgqGwUkwhbynsUJZhDbS20FvLhQ2izg=
github.com/google/go-cmp v0.3.1/go.mod h1:8QqcDgzrUqlUb/G2PQTWiueGozuR1884gddMywk6iLU=
github.com/hackebrot/go-repr v0.0.0-20170331152400-586d894a5734 h1:c2gHR0F9gCefLtzitgPY0cUE/FVzM4JloAxaHja5Rv0=
github.com/hackebrot/go-repr v0.0.0-20170331152400-586d894a5734/go.mod h1:+XWm06XyUkBVHaPTj9isycolL4M+e58znv5geUqILO8=
